# @generated - this file is auto-generated by `mise lock` https://mise.jdx.dev/dev-tools/mise-lock.html

lockfile_version = 2

[[tools.java]]
version = "zulu-17.68.203.0"
backend = "core:java"
specifiers = ["zulu-17"]

[tools.java."platforms.linux-arm64"]
checksum = "sha256:aa10cb26f73fb1b50dcd72a51851f7eedaf75cb5c18760e521884f96c98defd2"
url = "https://cdn.azul.com/zulu/bin/zulu17.68.203-ca-jdk17.0.20.1-linux_aarch64.tar.gz"

[tools.java."platforms.linux-arm64-musl"]
checksum = "sha256:d6c73e707810169099fb793e87341f829603e2063569f2ab2fbf73302f0c1bc1"
url = "https://cdn.azul.com/zulu/bin/zulu17.68.203-ca-jdk17.0.20.1-linux_musl_aarch64.tar.gz"

[tools.java."platforms.linux-x64"]
checksum = "sha256:4ef843383724c7cee278b90aabe41c9ae172a3b2584ab0e086857bb536ef060f"
url = "https://cdn.azul.com/zulu/bin/zulu17.68.203-ca-jdk17.0.20.1-linux_x64.tar.gz"

[tools.java."platforms.linux-x64-musl"]
checksum = "sha256:7512b062d1ca3e43eec9fa8c83bbd525c93fa6ab618ee7f391931847a7619705"
url = "https://cdn.azul.com/zulu/bin/zulu17.68.203-ca-jdk17.0.20.1-linux_musl_x64.tar.gz"

[tools.java."platforms.macos-arm64"]
checksum = "sha256:ed54397260c5994b2fc4e31c780f480b947e6532bc6a5ac7754355d5dd4c127d"
url = "https://cdn.azul.com/zulu/bin/zulu17.68.203-ca-jdk17.0.20.1-macosx_aarch64.tar.gz"

[tools.java."platforms.macos-x64"]
checksum = "sha256:ec1f9c98a9c1304230af23c565a3592c48314409e82ead75e3a98ee4fc94336f"
url = "https://cdn.azul.com/zulu/bin/zulu17.68.203-ca-jdk17.0.20.1-macosx_x64.tar.gz"

[tools.java."platforms.windows-x64"]
checksum = "sha256:552a335d5342c800fd03b45a23bb1136f5aa5562193542ece506d8c44b0c60d9"
url = "https://cdn.azul.com/zulu/bin/zulu17.68.203-ca-jdk17.0.20.1-win_x64.zip"

[[tools.java]]
version = "zulu-21.52.203.0"
backend = "core:java"
specifiers = ["zulu-21"]

[tools.java."platforms.linux-arm64"]
checksum = "sha256:2a8bf9d26eaa10598242d8a4799aff1440a929d6ceacf1c161c28bb1973b003a"
url = "https://cdn.azul.com/zulu/bin/zulu21.52.203-ca-jdk21.0.12.1-linux_aarch64.tar.gz"

[tools.java."platforms.linux-arm64-musl"]
checksum = "sha256:b86c81b74803128389de2421cbf94eff193418505d6e9ac97e6d0ee160ec25d6"
url = "https://cdn.azul.com/zulu/bin/zulu21.52.203-ca-jdk21.0.12.1-linux_musl_aarch64.tar.gz"

[tools.java."platforms.linux-x64"]
checksum = "sha256:db0c11e13b545e64d520b4821f4ca38ea9bc1c515924eb1e7f48435df101f183"
url = "https://cdn.azul.com/zulu/bin/zulu21.52.203-ca-jdk21.0.12.1-linux_x64.tar.gz"

[tools.java."platforms.linux-x64-musl"]
checksum = "sha256:f2b26df82d22910cdd7e5171517edbc10e5fc22657bfe85dd0aa75cbdaec01fd"
url = "https://cdn.azul.com/zulu/bin/zulu21.52.203-ca-jdk21.0.12.1-linux_musl_x64.tar.gz"

[tools.java."platforms.macos-arm64"]
checksum = "sha256:042093e0895c940a02d68e727bc37b59f3958e58aa1463ec9080845d77af0a45"
url = "https://cdn.azul.com/zulu/bin/zulu21.52.203-ca-jdk21.0.12.1-macosx_aarch64.tar.gz"

[tools.java."platforms.macos-x64"]
checksum = "sha256:6edaf4b72ec6c23d86a46d8b88d0cfed2aaf81645fee13fd852d37af23c4b9fb"
url = "https://cdn.azul.com/zulu/bin/zulu21.52.203-ca-jdk21.0.12.1-macosx_x64.tar.gz"

[tools.java."platforms.windows-x64"]
checksum = "sha256:ebfe6ccb94a1a7c8743ed270c6a96dbb22f5abc48b2cc4785dbf067e02dbed22"
url = "https://cdn.azul.com/zulu/bin/zulu21.52.203-ca-jdk21.0.12.1-win_x64.zip"
